
Microsoft Visual Studio Solution File, Format Version 12.00
# Visual Studio 15
VisualStudioVersion = 15.0.28307.421
MinimumVisualStudioVersion = 10.0.40219.1
Project("{FAE04EC0-301F-11D3-BF4B-00C04F79EFBC}") = "Top 2000", "Top 2000\Top 2000.csproj", "{B1B410CA-D6DA-41C2-B7A4-88A2E3A67565}"
EndProject
Global
	GlobalSection(SolutionConfigurationPlatforms) = preSolution
		Debug|Any CPU = Debug|Any CPU
		Release|Any CPU = Release|Any CPU
	EndGlobalSection
	GlobalSection(ProjectConfigurationPlatforms) = postSolution
		{B1B410CA-D6DA-41C2-B7A4-88A2E3A67565}.Debug|Any CPU.ActiveCfg = Debug|Any CPU
		{B1B410CA-D6DA-41C2-B7A4-88A2E3A67565}.Debug|Any CPU.Build.0 = Debug|Any CPU
		{B1B410CA-D6DA-41C2-B7A4-88A2E3A67565}.Release|Any CPU.ActiveCfg = Release|Any CPU
		{B1B410CA-D6DA-41C2-B7A4-88A2E3A67565}.Release|Any CPU.Build.0 = Release|Any CPU
	EndGlobalSection
	GlobalSection(SolutionProperties) = preSolution
		HideSolutionNode = FALSE
	EndGlobalSection
	GlobalSection(ExtensibilityGlobals) = postSolution
		SolutionGuid = {C73B68CE-837C-408E-B8C4-D676C1C38D3C}
	EndGlobalSection
EndGlobal
